
Microsoft Visual Studio Solution File, Format Version 12.00
# Visual Studio 15
VisualStudioVersion = 15.0.27130.2036
MinimumVisualStudioVersion = 10.0.40219.1
Project("{FAE04EC0-301F-11D3-BF4B-00C04F79EFBC}") = "Patcher", "Patcher\Patcher.csproj", "{904F028A-9774-4712-9C22-284FDE58CDFA}"
EndProject
Project("{FAE04EC0-301F-11D3-BF4B-00C04F79EFBC}") = "Utils", "Mod\Utils.csproj", "{F9876E36-0320-4F45-AE6C-FD18644504A5}"
EndProject
Project("{FAE04EC0-301F-11D3-BF4B-00C04F79EFBC}") = "PatcherGUI", "PatcherGUI\PatcherGUI.csproj", "{C7993E50-8996-407C-8B6C-CB1146CF907F}"
EndProject
Project("{FAE04EC0-301F-11D3-BF4B-00C04F79EFBC}") = "PHooks", "PHooks\PHooks.csproj", "{C9CF4F88-AF39-487E-8F5A-73E618444937}"
EndProject
Project("{FAE04EC0-301F-11D3-BF4B-00C04F79EFBC}") = "PBase", "PBase\PBase.csproj", "{74A81274-6E78-4AD4-A307-E833E1B64CB2}"
EndProject
Project("{FAE04EC0-301F-11D3-BF4B-00C04F79EFBC}") = "ILFactory", "ILFactory\ILFactory.csproj", "{F127D213-673F-4DEE-91DF-67F7FBD1D147}"
EndProject
Project("{FAE04EC0-301F-11D3-BF4B-00C04F79EFBC}") = "PUI", "PUI\PUI.csproj", "{EC453D32-5F19-4FF7-84F9-F4BAA09DB9FF}"
EndProject
Project("{FAE04EC0-301F-11D3-BF4B-00C04F79EFBC}") = "CheatTool", "CheatTool\CheatTool.csproj", "{6287683E-2403-4C64-8185-B45880829B8A}"
EndProject
Project("{FAE04EC0-301F-11D3-BF4B-00C04F79EFBC}") = "ScheMaker", "ScheMaker\ScheMaker.csproj", "{AB666F71-113B-407C-9B7B-E8A258E7E2CB}"
EndProject
Project("{FAE04EC0-301F-11D3-BF4B-00C04F79EFBC}") = "AimBot", "AimBot\AimBot.csproj", "{53C90B45-EADB-4795-A191-09DCFF295747}"
EndProject
Project("{FAE04EC0-301F-11D3-BF4B-00C04F79EFBC}") = "ItemExport", "ItemExport\ItemExport.csproj", "{8026EA43-C69E-4A0C-846F-70FA149E94F1}"
EndProject
Global
	GlobalSection(SolutionConfigurationPlatforms) = preSolution
		Debug|Any CPU = Debug|Any CPU
		Release|Any CPU = Release|Any CPU
	EndGlobalSection
	GlobalSection(ProjectConfigurationPlatforms) = postSolution
		{904F028A-9774-4712-9C22-284FDE58CDFA}.Debug|Any CPU.ActiveCfg = Debug|Any CPU
		{904F028A-9774-4712-9C22-284FDE58CDFA}.Debug|Any CPU.Build.0 = Debug|Any CPU
		{904F028A-9774-4712-9C22-284FDE58CDFA}.Release|Any CPU.ActiveCfg = Release|Any CPU
		{904F028A-9774-4712-9C22-284FDE58CDFA}.Release|Any CPU.Build.0 = Release|Any CPU
		{F9876E36-0320-4F45-AE6C-FD18644504A5}.Debug|Any CPU.ActiveCfg = Debug|Any CPU
		{F9876E36-0320-4F45-AE6C-FD18644504A5}.Debug|Any CPU.Build.0 = Debug|Any CPU
		{F9876E36-0320-4F45-AE6C-FD18644504A5}.Release|Any CPU.ActiveCfg = Release|Any CPU
		{F9876E36-0320-4F45-AE6C-FD18644504A5}.Release|Any CPU.Build.0 = Release|Any CPU
		{C7993E50-8996-407C-8B6C-CB1146CF907F}.Debug|Any CPU.ActiveCfg = Debug|Any CPU
		{C7993E50-8996-407C-8B6C-CB1146CF907F}.Debug|Any CPU.Build.0 = Debug|Any CPU
		{C7993E50-8996-407C-8B6C-CB1146CF907F}.Release|Any CPU.ActiveCfg = Release|Any CPU
		{C7993E50-8996-407C-8B6C-CB1146CF907F}.Release|Any CPU.Build.0 = Release|Any CPU
		{C9CF4F88-AF39-487E-8F5A-73E618444937}.Debug|Any CPU.ActiveCfg = Debug|Any CPU
		{C9CF4F88-AF39-487E-8F5A-73E618444937}.Debug|Any CPU.Build.0 = Debug|Any CPU
		{C9CF4F88-AF39-487E-8F5A-73E618444937}.Release|Any CPU.ActiveCfg = Release|Any CPU
		{C9CF4F88-AF39-487E-8F5A-73E618444937}.Release|Any CPU.Build.0 = Release|Any CPU
		{74A81274-6E78-4AD4-A307-E833E1B64CB2}.Debug|Any CPU.ActiveCfg = Debug|Any CPU
		{74A81274-6E78-4AD4-A307-E833E1B64CB2}.Debug|Any CPU.Build.0 = Debug|Any CPU
		{74A81274-6E78-4AD4-A307-E833E1B64CB2}.Release|Any CPU.ActiveCfg = Release|Any CPU
		{74A81274-6E78-4AD4-A307-E833E1B64CB2}.Release|Any CPU.Build.0 = Release|Any CPU
		{F127D213-673F-4DEE-91DF-67F7FBD1D147}.Debug|Any CPU.ActiveCfg = Debug|Any CPU
		{F127D213-673F-4DEE-91DF-67F7FBD1D147}.Debug|Any CPU.Build.0 = Debug|Any CPU
		{F127D213-673F-4DEE-91DF-67F7FBD1D147}.Release|Any CPU.ActiveCfg = Release|Any CPU
		{F127D213-673F-4DEE-91DF-67F7FBD1D147}.Release|Any CPU.Build.0 = Release|Any CPU
		{EC453D32-5F19-4FF7-84F9-F4BAA09DB9FF}.Debug|Any CPU.ActiveCfg = Debug|Any CPU
		{EC453D32-5F19-4FF7-84F9-F4BAA09DB9FF}.Debug|Any CPU.Build.0 = Debug|Any CPU
		{EC453D32-5F19-4FF7-84F9-F4BAA09DB9FF}.Release|Any CPU.ActiveCfg = Release|Any CPU
		{EC453D32-5F19-4FF7-84F9-F4BAA09DB9FF}.Release|Any CPU.Build.0 = Release|Any CPU
		{6287683E-2403-4C64-8185-B45880829B8A}.Debug|Any CPU.ActiveCfg = Debug|Any CPU
		{6287683E-2403-4C64-8185-B45880829B8A}.Debug|Any CPU.Build.0 = Debug|Any CPU
		{6287683E-2403-4C64-8185-B45880829B8A}.Release|Any CPU.ActiveCfg = Release|Any CPU
		{6287683E-2403-4C64-8185-B45880829B8A}.Release|Any CPU.Build.0 = Release|Any CPU
		{AB666F71-113B-407C-9B7B-E8A258E7E2CB}.Debug|Any CPU.ActiveCfg = Debug|Any CPU
		{AB666F71-113B-407C-9B7B-E8A258E7E2CB}.Debug|Any CPU.Build.0 = Debug|Any CPU
		{AB666F71-113B-407C-9B7B-E8A258E7E2CB}.Release|Any CPU.ActiveCfg = Release|Any CPU
		{AB666F71-113B-407C-9B7B-E8A258E7E2CB}.Release|Any CPU.Build.0 = Release|Any CPU
		{53C90B45-EADB-4795-A191-09DCFF295747}.Debug|Any CPU.ActiveCfg = Debug|Any CPU
		{53C90B45-EADB-4795-A191-09DCFF295747}.Debug|Any CPU.Build.0 = Debug|Any CPU
		{53C90B45-EADB-4795-A191-09DCFF295747}.Release|Any CPU.ActiveCfg = Release|Any CPU
		{53C90B45-EADB-4795-A191-09DCFF295747}.Release|Any CPU.Build.0 = Release|Any CPU
		{8026EA43-C69E-4A0C-846F-70FA149E94F1}.Debug|Any CPU.ActiveCfg = Debug|Any CPU
		{8026EA43-C69E-4A0C-846F-70FA149E94F1}.Debug|Any CPU.Build.0 = Debug|Any CPU
		{8026EA43-C69E-4A0C-846F-70FA149E94F1}.Release|Any CPU.ActiveCfg = Release|Any CPU
		{8026EA43-C69E-4A0C-846F-70FA149E94F1}.Release|Any CPU.Build.0 = Release|Any CPU
	EndGlobalSection
	GlobalSection(SolutionProperties) = preSolution
		HideSolutionNode = FALSE
	EndGlobalSection
	GlobalSection(ExtensibilityGlobals) = postSolution
		SolutionGuid = {6643963E-3492-4421-B860-F910D3623989}
	EndGlobalSection
EndGlobal
